
Microsoft Visual Studio Solution File, Format Version 12.00
Project("{FAE04EC0-301F-11D3-BF4B-00C04F79EFBC}") = "KafkaFlow.ProcessManagers", "src\KafkaFlow.ProcessManagers\KafkaFlow.ProcessManagers.csproj", "{1DD0DA5D-63CD-4FC3-972E-CD376139810A}"
EndProject
Project("{2150E333-8FDC-42A3-9474-1A3956D46DE8}") = "src", "src", "{CE99781E-E88C-404C-B9AD-D7F713265F31}"
EndProject
Project("{2150E333-8FDC-42A3-9474-1A3956D46DE8}") = "tests", "tests", "{A5E2EC13-2E8B-4EB3-8C0F-D252A04B42F4}"
EndProject
Project("{FAE04EC0-301F-11D3-BF4B-00C04F79EFBC}") = "KafkaFlow.ProcessManagers.IntegrationTests", "tests\KafkaFlow.ProcessManagers.IntegrationTests\KafkaFlow.ProcessManagers.IntegrationTests.csproj", "{F3DB8E66-BEA2-494F-B908-57C83BDF1501}"
EndProject
Project("{FAE04EC0-301F-11D3-BF4B-00C04F79EFBC}") = "KafkaFlow.Outbox", "src\KafkaFlow.Outbox\KafkaFlow.Outbox.csproj", "{39CF3703-98C2-4EE5-872B-AEFE85EEAC9A}"
EndProject
Project("{FAE04EC0-301F-11D3-BF4B-00C04F79EFBC}") = "KafkaFlow.Outbox.Postgres", "src\KafkaFlow.Outbox.Postgres\KafkaFlow.Outbox.Postgres.csproj", "{95A1F8B4-98B2-42F2-8CF1-0067F3D6B125}"
EndProject
Global
	GlobalSection(SolutionConfigurationPlatforms) = preSolution
		Debug|Any CPU = Debug|Any CPU
		Release|Any CPU = Release|Any CPU
	EndGlobalSection
	GlobalSection(ProjectConfigurationPlatforms) = postSolution
		{1DD0DA5D-63CD-4FC3-972E-CD376139810A}.Debug|Any CPU.ActiveCfg = Debug|Any CPU
		{1DD0DA5D-63CD-4FC3-972E-CD376139810A}.Debug|Any CPU.Build.0 = Debug|Any CPU
		{1DD0DA5D-63CD-4FC3-972E-CD376139810A}.Release|Any CPU.ActiveCfg = Release|Any CPU
		{1DD0DA5D-63CD-4FC3-972E-CD376139810A}.Release|Any CPU.Build.0 = Release|Any CPU
		{F3DB8E66-BEA2-494F-B908-57C83BDF1501}.Debug|Any CPU.ActiveCfg = Debug|Any CPU
		{F3DB8E66-BEA2-494F-B908-57C83BDF1501}.Debug|Any CPU.Build.0 = Debug|Any CPU
		{F3DB8E66-BEA2-494F-B908-57C83BDF1501}.Release|Any CPU.ActiveCfg = Release|Any CPU
		{F3DB8E66-BEA2-494F-B908-57C83BDF1501}.Release|Any CPU.Build.0 = Release|Any CPU
		{39CF3703-98C2-4EE5-872B-AEFE85EEAC9A}.Debug|Any CPU.ActiveCfg = Debug|Any CPU
		{39CF3703-98C2-4EE5-872B-AEFE85EEAC9A}.Debug|Any CPU.Build.0 = Debug|Any CPU
		{39CF3703-98C2-4EE5-872B-AEFE85EEAC9A}.Release|Any CPU.ActiveCfg = Release|Any CPU
		{39CF3703-98C2-4EE5-872B-AEFE85EEAC9A}.Release|Any CPU.Build.0 = Release|Any CPU
		{95A1F8B4-98B2-42F2-8CF1-0067F3D6B125}.Debug|Any CPU.ActiveCfg = Debug|Any CPU
		{95A1F8B4-98B2-42F2-8CF1-0067F3D6B125}.Debug|Any CPU.Build.0 = Debug|Any CPU
		{95A1F8B4-98B2-42F2-8CF1-0067F3D6B125}.Release|Any CPU.ActiveCfg = Release|Any CPU
		{95A1F8B4-98B2-42F2-8CF1-0067F3D6B125}.Release|Any CPU.Build.0 = Release|Any CPU
	EndGlobalSection
	GlobalSection(NestedProjects) = preSolution
		{1DD0DA5D-63CD-4FC3-972E-CD376139810A} = {CE99781E-E88C-404C-B9AD-D7F713265F31}
		{F3DB8E66-BEA2-494F-B908-57C83BDF1501} = {A5E2EC13-2E8B-4EB3-8C0F-D252A04B42F4}
		{39CF3703-98C2-4EE5-872B-AEFE85EEAC9A} = {CE99781E-E88C-404C-B9AD-D7F713265F31}
		{95A1F8B4-98B2-42F2-8CF1-0067F3D6B125} = {CE99781E-E88C-404C-B9AD-D7F713265F31}
	EndGlobalSection
EndGlobal
