
Microsoft Visual Studio Solution File, Format Version 12.00
# Visual Studio Version 17
VisualStudioVersion = 17.9.34728.123
MinimumVisualStudioVersion = 10.0.40219.1
Project("{9A19103F-16F7-4668-BE54-9A1E7A4F7556}") = "Contrib.KafkaFlow.ProcessManagers", "src\Contrib.KafkaFlow.ProcessManagers\Contrib.KafkaFlow.ProcessManagers.csproj", "{1DD0DA5D-63CD-4FC3-972E-CD376139810A}"
EndProject
Project("{2150E333-8FDC-42A3-9474-1A3956D46DE8}") = "src", "src", "{CE99781E-E88C-404C-B9AD-D7F713265F31}"
EndProject
Project("{2150E333-8FDC-42A3-9474-1A3956D46DE8}") = "tests", "tests", "{A5E2EC13-2E8B-4EB3-8C0F-D252A04B42F4}"
EndProject
Project("{9A19103F-16F7-4668-BE54-9A1E7A4F7556}") = "KafkaFlow.ProcessManagers.IntegrationTests", "tests\KafkaFlow.ProcessManagers.IntegrationTests\KafkaFlow.ProcessManagers.IntegrationTests.csproj", "{F3DB8E66-BEA2-494F-B908-57C83BDF1501}"
EndProject
Project("{9A19103F-16F7-4668-BE54-9A1E7A4F7556}") = "Contrib.KafkaFlow.Outbox", "src\Contrib.KafkaFlow.Outbox\Contrib.KafkaFlow.Outbox.csproj", "{39CF3703-98C2-4EE5-872B-AEFE85EEAC9A}"
EndProject
Project("{9A19103F-16F7-4668-BE54-9A1E7A4F7556}") = "Contrib.KafkaFlow.Outbox.Postgres", "src\Contrib.KafkaFlow.Outbox.Postgres\Contrib.KafkaFlow.Outbox.Postgres.csproj", "{95A1F8B4-98B2-42F2-8CF1-0067F3D6B125}"
EndProject
Project("{9A19103F-16F7-4668-BE54-9A1E7A4F7556}") = "Contrib.KafkaFlow.ProcessManagers.Postgres", "src\Contrib.KafkaFlow.ProcessManagers.Postgres\Contrib.KafkaFlow.ProcessManagers.Postgres.csproj", "{6A9E74CC-3E65-4422-8E3E-862C3A999B72}"
EndProject
Project("{9A19103F-16F7-4668-BE54-9A1E7A4F7556}") = "Contrib.KafkaFlow.Outbox.SqlServer", "src\Contrib.KafkaFlow.Outbox.SqlServer\Contrib.KafkaFlow.Outbox.SqlServer.csproj", "{A4CBB313-9DCC-441E-BB44-1473CDF7A986}"
EndProject
Project("{9A19103F-16F7-4668-BE54-9A1E7A4F7556}") = "Contrib.KafkaFlow.ProcessManagers.SqlServer", "src\Contrib.KafkaFlow.ProcessManagers.SqlServer\Contrib.KafkaFlow.ProcessManagers.SqlServer.csproj", "{3F0C0AD0-CFD8-4722-BF3B-6259D0878680}"
EndProject
Project("{FAE04EC0-301F-11D3-BF4B-00C04F79EFBC}") = "KafkaFlow.CryptoShredding.Tests", "tests\KafkaFlow.CryptoShredding.Tests\KafkaFlow.CryptoShredding.Tests.csproj", "{3C8FF880-DED3-4D78-A6CD-47FADCDE2A22}"
EndProject
Project("{FAE04EC0-301F-11D3-BF4B-00C04F79EFBC}") = "Contrib.KafkaFlow.CryptoShredding.Avro", "src\Contrib.KafkaFlow.CryptoShredding.Avro\Contrib.KafkaFlow.CryptoShredding.Avro.csproj", "{9916233A-864C-4EB6-B623-46183E165705}"
EndProject
Project("{FAE04EC0-301F-11D3-BF4B-00C04F79EFBC}") = "Contrib.KafkaFlow.CryptoShredding.Avro.Analyzers", "src\Contrib.KafkaFlow.CryptoShredding.Avro.Analyzers\Contrib.KafkaFlow.CryptoShredding.Avro.Analyzers.csproj", "{813CCAC0-9FBD-4A1A-B063-A4F1F9B42688}"
EndProject
Project("{FAE04EC0-301F-11D3-BF4B-00C04F79EFBC}") = "Contrib.KafkaFlow.Outbox.MongoDb", "src\Contrib.KafkaFlow.Outbox.MongoDb\Contrib.KafkaFlow.Outbox.MongoDb.csproj", "{B75B6E75-5577-4C51-95D1-7160C2D546D9}"
EndProject
Project("{FAE04EC0-301F-11D3-BF4B-00C04F79EFBC}") = "Contrib.KafkaFlow.ProcessManagers.MongoDb", "src\Contrib.KafkaFlow.ProcessManagers.MongoDb\Contrib.KafkaFlow.ProcessManagers.MongoDb.csproj", "{56811A04-65DF-435F-9D34-955623ECF94B}"
EndProject
Project("{2150E333-8FDC-42A3-9474-1A3956D46DE8}") = "local", "local", "{EDBA0CA7-F72E-419E-A041-D86746660F2C}"
	ProjectSection(SolutionItems) = preProject
		docker-compose.yaml = docker-compose.yaml
	EndProjectSection
EndProject
Project("{2150E333-8FDC-42A3-9474-1A3956D46DE8}") = "local-env", "local-env", "{1C394058-3704-40CC-A4AB-4A2C67CE916E}"
EndProject
Project("{2150E333-8FDC-42A3-9474-1A3956D46DE8}") = "ms-sql", "ms-sql", "{BA3CCCF1-E413-48F3-A74B-0C0E5839DEBD}"
	ProjectSection(SolutionItems) = preProject
		local-env\mssql\initdb.sh = local-env\mssql\initdb.sh
	EndProjectSection
EndProject
Project("{2150E333-8FDC-42A3-9474-1A3956D46DE8}") = "postgres", "postgres", "{8A13D2C5-1487-44E4-8E1C-F4BDC8E14396}"
	ProjectSection(SolutionItems) = preProject
		local-env\postgres\initdb.sh = local-env\postgres\initdb.sh
	EndProjectSection
EndProject
Project("{2150E333-8FDC-42A3-9474-1A3956D46DE8}") = "mongodb", "mongodb", "{31CC6FFF-C049-4E49-BBA9-F91A32D0B57A}"
	ProjectSection(SolutionItems) = preProject
		local-env\mongodb\init-mongo.js = local-env\mongodb\init-mongo.js
	EndProjectSection
EndProject
Global
	GlobalSection(SolutionConfigurationPlatforms) = preSolution
		Debug|Any CPU = Debug|Any CPU
		Debug|x64 = Debug|x64
		Debug|x86 = Debug|x86
		Release|Any CPU = Release|Any CPU
		Release|x64 = Release|x64
		Release|x86 = Release|x86
	EndGlobalSection
	GlobalSection(ProjectConfigurationPlatforms) = postSolution
		{1DD0DA5D-63CD-4FC3-972E-CD376139810A}.Debug|Any CPU.ActiveCfg = Debug|Any CPU
		{1DD0DA5D-63CD-4FC3-972E-CD376139810A}.Debug|Any CPU.Build.0 = Debug|Any CPU
		{1DD0DA5D-63CD-4FC3-972E-CD376139810A}.Debug|x64.ActiveCfg = Debug|Any CPU
		{1DD0DA5D-63CD-4FC3-972E-CD376139810A}.Debug|x64.Build.0 = Debug|Any CPU
		{1DD0DA5D-63CD-4FC3-972E-CD376139810A}.Debug|x86.ActiveCfg = Debug|Any CPU
		{1DD0DA5D-63CD-4FC3-972E-CD376139810A}.Debug|x86.Build.0 = Debug|Any CPU
		{1DD0DA5D-63CD-4FC3-972E-CD376139810A}.Release|Any CPU.ActiveCfg = Release|Any CPU
		{1DD0DA5D-63CD-4FC3-972E-CD376139810A}.Release|Any CPU.Build.0 = Release|Any CPU
		{1DD0DA5D-63CD-4FC3-972E-CD376139810A}.Release|x64.ActiveCfg = Release|Any CPU
		{1DD0DA5D-63CD-4FC3-972E-CD376139810A}.Release|x64.Build.0 = Release|Any CPU
		{1DD0DA5D-63CD-4FC3-972E-CD376139810A}.Release|x86.ActiveCfg = Release|Any CPU
		{1DD0DA5D-63CD-4FC3-972E-CD376139810A}.Release|x86.Build.0 = Release|Any CPU
		{F3DB8E66-BEA2-494F-B908-57C83BDF1501}.Debug|Any CPU.ActiveCfg = Debug|Any CPU
		{F3DB8E66-BEA2-494F-B908-57C83BDF1501}.Debug|Any CPU.Build.0 = Debug|Any CPU
		{F3DB8E66-BEA2-494F-B908-57C83BDF1501}.Debug|x64.ActiveCfg = Debug|Any CPU
		{F3DB8E66-BEA2-494F-B908-57C83BDF1501}.Debug|x64.Build.0 = Debug|Any CPU
		{F3DB8E66-BEA2-494F-B908-57C83BDF1501}.Debug|x86.ActiveCfg = Debug|Any CPU
		{F3DB8E66-BEA2-494F-B908-57C83BDF1501}.Debug|x86.Build.0 = Debug|Any CPU
		{F3DB8E66-BEA2-494F-B908-57C83BDF1501}.Release|Any CPU.ActiveCfg = Release|Any CPU
		{F3DB8E66-BEA2-494F-B908-57C83BDF1501}.Release|Any CPU.Build.0 = Release|Any CPU
		{F3DB8E66-BEA2-494F-B908-57C83BDF1501}.Release|x64.ActiveCfg = Release|Any CPU
		{F3DB8E66-BEA2-494F-B908-57C83BDF1501}.Release|x64.Build.0 = Release|Any CPU
		{F3DB8E66-BEA2-494F-B908-57C83BDF1501}.Release|x86.ActiveCfg = Release|Any CPU
		{F3DB8E66-BEA2-494F-B908-57C83BDF1501}.Release|x86.Build.0 = Release|Any CPU
		{39CF3703-98C2-4EE5-872B-AEFE85EEAC9A}.Debug|Any CPU.ActiveCfg = Debug|Any CPU
		{39CF3703-98C2-4EE5-872B-AEFE85EEAC9A}.Debug|Any CPU.Build.0 = Debug|Any CPU
		{39CF3703-98C2-4EE5-872B-AEFE85EEAC9A}.Debug|x64.ActiveCfg = Debug|Any CPU
		{39CF3703-98C2-4EE5-872B-AEFE85EEAC9A}.Debug|x64.Build.0 = Debug|Any CPU
		{39CF3703-98C2-4EE5-872B-AEFE85EEAC9A}.Debug|x86.ActiveCfg = Debug|Any CPU
		{39CF3703-98C2-4EE5-872B-AEFE85EEAC9A}.Debug|x86.Build.0 = Debug|Any CPU
		{39CF3703-98C2-4EE5-872B-AEFE85EEAC9A}.Release|Any CPU.ActiveCfg = Release|Any CPU
		{39CF3703-98C2-4EE5-872B-AEFE85EEAC9A}.Release|Any CPU.Build.0 = Release|Any CPU
		{39CF3703-98C2-4EE5-872B-AEFE85EEAC9A}.Release|x64.ActiveCfg = Release|Any CPU
		{39CF3703-98C2-4EE5-872B-AEFE85EEAC9A}.Release|x64.Build.0 = Release|Any CPU
		{39CF3703-98C2-4EE5-872B-AEFE85EEAC9A}.Release|x86.ActiveCfg = Release|Any CPU
		{39CF3703-98C2-4EE5-872B-AEFE85EEAC9A}.Release|x86.Build.0 = Release|Any CPU
		{95A1F8B4-98B2-42F2-8CF1-0067F3D6B125}.Debug|Any CPU.ActiveCfg = Debug|Any CPU
		{95A1F8B4-98B2-42F2-8CF1-0067F3D6B125}.Debug|Any CPU.Build.0 = Debug|Any CPU
		{95A1F8B4-98B2-42F2-8CF1-0067F3D6B125}.Debug|x64.ActiveCfg = Debug|Any CPU
		{95A1F8B4-98B2-42F2-8CF1-0067F3D6B125}.Debug|x64.Build.0 = Debug|Any CPU
		{95A1F8B4-98B2-42F2-8CF1-0067F3D6B125}.Debug|x86.ActiveCfg = Debug|Any CPU
		{95A1F8B4-98B2-42F2-8CF1-0067F3D6B125}.Debug|x86.Build.0 = Debug|Any CPU
		{95A1F8B4-98B2-42F2-8CF1-0067F3D6B125}.Release|Any CPU.ActiveCfg = Release|Any CPU
		{95A1F8B4-98B2-42F2-8CF1-0067F3D6B125}.Release|Any CPU.Build.0 = Release|Any CPU
		{95A1F8B4-98B2-42F2-8CF1-0067F3D6B125}.Release|x64.ActiveCfg = Release|Any CPU
		{95A1F8B4-98B2-42F2-8CF1-0067F3D6B125}.Release|x64.Build.0 = Release|Any CPU
		{95A1F8B4-98B2-42F2-8CF1-0067F3D6B125}.Release|x86.ActiveCfg = Release|Any CPU
		{95A1F8B4-98B2-42F2-8CF1-0067F3D6B125}.Release|x86.Build.0 = Release|Any CPU
		{6A9E74CC-3E65-4422-8E3E-862C3A999B72}.Debug|Any CPU.ActiveCfg = Debug|Any CPU
		{6A9E74CC-3E65-4422-8E3E-862C3A999B72}.Debug|Any CPU.Build.0 = Debug|Any CPU
		{6A9E74CC-3E65-4422-8E3E-862C3A999B72}.Debug|x64.ActiveCfg = Debug|Any CPU
		{6A9E74CC-3E65-4422-8E3E-862C3A999B72}.Debug|x64.Build.0 = Debug|Any CPU
		{6A9E74CC-3E65-4422-8E3E-862C3A999B72}.Debug|x86.ActiveCfg = Debug|Any CPU
		{6A9E74CC-3E65-4422-8E3E-862C3A999B72}.Debug|x86.Build.0 = Debug|Any CPU
		{6A9E74CC-3E65-4422-8E3E-862C3A999B72}.Release|Any CPU.ActiveCfg = Release|Any CPU
		{6A9E74CC-3E65-4422-8E3E-862C3A999B72}.Release|Any CPU.Build.0 = Release|Any CPU
		{6A9E74CC-3E65-4422-8E3E-862C3A999B72}.Release|x64.ActiveCfg = Release|Any CPU
		{6A9E74CC-3E65-4422-8E3E-862C3A999B72}.Release|x64.Build.0 = Release|Any CPU
		{6A9E74CC-3E65-4422-8E3E-862C3A999B72}.Release|x86.ActiveCfg = Release|Any CPU
		{6A9E74CC-3E65-4422-8E3E-862C3A999B72}.Release|x86.Build.0 = Release|Any CPU
		{A4CBB313-9DCC-441E-BB44-1473CDF7A986}.Debug|Any CPU.ActiveCfg = Debug|Any CPU
		{A4CBB313-9DCC-441E-BB44-1473CDF7A986}.Debug|Any CPU.Build.0 = Debug|Any CPU
		{A4CBB313-9DCC-441E-BB44-1473CDF7A986}.Debug|x64.ActiveCfg = Debug|Any CPU
		{A4CBB313-9DCC-441E-BB44-1473CDF7A986}.Debug|x64.Build.0 = Debug|Any CPU
		{A4CBB313-9DCC-441E-BB44-1473CDF7A986}.Debug|x86.ActiveCfg = Debug|Any CPU
		{A4CBB313-9DCC-441E-BB44-1473CDF7A986}.Debug|x86.Build.0 = Debug|Any CPU
		{A4CBB313-9DCC-441E-BB44-1473CDF7A986}.Release|Any CPU.ActiveCfg = Release|Any CPU
		{A4CBB313-9DCC-441E-BB44-1473CDF7A986}.Release|Any CPU.Build.0 = Release|Any CPU
		{A4CBB313-9DCC-441E-BB44-1473CDF7A986}.Release|x64.ActiveCfg = Release|Any CPU
		{A4CBB313-9DCC-441E-BB44-1473CDF7A986}.Release|x64.Build.0 = Release|Any CPU
		{A4CBB313-9DCC-441E-BB44-1473CDF7A986}.Release|x86.ActiveCfg = Release|Any CPU
		{A4CBB313-9DCC-441E-BB44-1473CDF7A986}.Release|x86.Build.0 = Release|Any CPU
		{3F0C0AD0-CFD8-4722-BF3B-6259D0878680}.Debug|Any CPU.ActiveCfg = Debug|Any CPU
		{3F0C0AD0-CFD8-4722-BF3B-6259D0878680}.Debug|Any CPU.Build.0 = Debug|Any CPU
		{3F0C0AD0-CFD8-4722-BF3B-6259D0878680}.Debug|x64.ActiveCfg = Debug|Any CPU
		{3F0C0AD0-CFD8-4722-BF3B-6259D0878680}.Debug|x64.Build.0 = Debug|Any CPU
		{3F0C0AD0-CFD8-4722-BF3B-6259D0878680}.Debug|x86.ActiveCfg = Debug|Any CPU
		{3F0C0AD0-CFD8-4722-BF3B-6259D0878680}.Debug|x86.Build.0 = Debug|Any CPU
		{3F0C0AD0-CFD8-4722-BF3B-6259D0878680}.Release|Any CPU.ActiveCfg = Release|Any CPU
		{3F0C0AD0-CFD8-4722-BF3B-6259D0878680}.Release|Any CPU.Build.0 = Release|Any CPU
		{3F0C0AD0-CFD8-4722-BF3B-6259D0878680}.Release|x64.ActiveCfg = Release|Any CPU
		{3F0C0AD0-CFD8-4722-BF3B-6259D0878680}.Release|x64.Build.0 = Release|Any CPU
		{3F0C0AD0-CFD8-4722-BF3B-6259D0878680}.Release|x86.ActiveCfg = Release|Any CPU
		{3F0C0AD0-CFD8-4722-BF3B-6259D0878680}.Release|x86.Build.0 = Release|Any CPU
		{3C8FF880-DED3-4D78-A6CD-47FADCDE2A22}.Debug|Any CPU.ActiveCfg = Debug|Any CPU
		{3C8FF880-DED3-4D78-A6CD-47FADCDE2A22}.Debug|Any CPU.Build.0 = Debug|Any CPU
		{3C8FF880-DED3-4D78-A6CD-47FADCDE2A22}.Debug|x64.ActiveCfg = Debug|Any CPU
		{3C8FF880-DED3-4D78-A6CD-47FADCDE2A22}.Debug|x64.Build.0 = Debug|Any CPU
		{3C8FF880-DED3-4D78-A6CD-47FADCDE2A22}.Debug|x86.ActiveCfg = Debug|Any CPU
		{3C8FF880-DED3-4D78-A6CD-47FADCDE2A22}.Debug|x86.Build.0 = Debug|Any CPU
		{3C8FF880-DED3-4D78-A6CD-47FADCDE2A22}.Release|Any CPU.ActiveCfg = Release|Any CPU
		{3C8FF880-DED3-4D78-A6CD-47FADCDE2A22}.Release|Any CPU.Build.0 = Release|Any CPU
		{3C8FF880-DED3-4D78-A6CD-47FADCDE2A22}.Release|x64.ActiveCfg = Release|Any CPU
		{3C8FF880-DED3-4D78-A6CD-47FADCDE2A22}.Release|x64.Build.0 = Release|Any CPU
		{3C8FF880-DED3-4D78-A6CD-47FADCDE2A22}.Release|x86.ActiveCfg = Release|Any CPU
		{3C8FF880-DED3-4D78-A6CD-47FADCDE2A22}.Release|x86.Build.0 = Release|Any CPU
		{9916233A-864C-4EB6-B623-46183E165705}.Debug|Any CPU.ActiveCfg = Debug|Any CPU
		{9916233A-864C-4EB6-B623-46183E165705}.Debug|Any CPU.Build.0 = Debug|Any CPU
		{9916233A-864C-4EB6-B623-46183E165705}.Debug|x64.ActiveCfg = Debug|Any CPU
		{9916233A-864C-4EB6-B623-46183E165705}.Debug|x64.Build.0 = Debug|Any CPU
		{9916233A-864C-4EB6-B623-46183E165705}.Debug|x86.ActiveCfg = Debug|Any CPU
		{9916233A-864C-4EB6-B623-46183E165705}.Debug|x86.Build.0 = Debug|Any CPU
		{9916233A-864C-4EB6-B623-46183E165705}.Release|Any CPU.ActiveCfg = Release|Any CPU
		{9916233A-864C-4EB6-B623-46183E165705}.Release|Any CPU.Build.0 = Release|Any CPU
		{9916233A-864C-4EB6-B623-46183E165705}.Release|x64.ActiveCfg = Release|Any CPU
		{9916233A-864C-4EB6-B623-46183E165705}.Release|x64.Build.0 = Release|Any CPU
		{9916233A-864C-4EB6-B623-46183E165705}.Release|x86.ActiveCfg = Release|Any CPU
		{9916233A-864C-4EB6-B623-46183E165705}.Release|x86.Build.0 = Release|Any CPU
		{813CCAC0-9FBD-4A1A-B063-A4F1F9B42688}.Debug|Any CPU.ActiveCfg = Debug|Any CPU
		{813CCAC0-9FBD-4A1A-B063-A4F1F9B42688}.Debug|Any CPU.Build.0 = Debug|Any CPU
		{813CCAC0-9FBD-4A1A-B063-A4F1F9B42688}.Debug|x64.ActiveCfg = Debug|Any CPU
		{813CCAC0-9FBD-4A1A-B063-A4F1F9B42688}.Debug|x64.Build.0 = Debug|Any CPU
		{813CCAC0-9FBD-4A1A-B063-A4F1F9B42688}.Debug|x86.ActiveCfg = Debug|Any CPU
		{813CCAC0-9FBD-4A1A-B063-A4F1F9B42688}.Debug|x86.Build.0 = Debug|Any CPU
		{813CCAC0-9FBD-4A1A-B063-A4F1F9B42688}.Release|Any CPU.ActiveCfg = Release|Any CPU
		{813CCAC0-9FBD-4A1A-B063-A4F1F9B42688}.Release|Any CPU.Build.0 = Release|Any CPU
		{813CCAC0-9FBD-4A1A-B063-A4F1F9B42688}.Release|x64.ActiveCfg = Release|Any CPU
		{813CCAC0-9FBD-4A1A-B063-A4F1F9B42688}.Release|x64.Build.0 = Release|Any CPU
		{813CCAC0-9FBD-4A1A-B063-A4F1F9B42688}.Release|x86.ActiveCfg = Release|Any CPU
		{813CCAC0-9FBD-4A1A-B063-A4F1F9B42688}.Release|x86.Build.0 = Release|Any CPU
		{B75B6E75-5577-4C51-95D1-7160C2D546D9}.Debug|Any CPU.ActiveCfg = Debug|Any CPU
		{B75B6E75-5577-4C51-95D1-7160C2D546D9}.Debug|Any CPU.Build.0 = Debug|Any CPU
		{B75B6E75-5577-4C51-95D1-7160C2D546D9}.Debug|x64.ActiveCfg = Debug|Any CPU
		{B75B6E75-5577-4C51-95D1-7160C2D546D9}.Debug|x64.Build.0 = Debug|Any CPU
		{B75B6E75-5577-4C51-95D1-7160C2D546D9}.Debug|x86.ActiveCfg = Debug|Any CPU
		{B75B6E75-5577-4C51-95D1-7160C2D546D9}.Debug|x86.Build.0 = Debug|Any CPU
		{B75B6E75-5577-4C51-95D1-7160C2D546D9}.Release|Any CPU.ActiveCfg = Release|Any CPU
		{B75B6E75-5577-4C51-95D1-7160C2D546D9}.Release|Any CPU.Build.0 = Release|Any CPU
		{B75B6E75-5577-4C51-95D1-7160C2D546D9}.Release|x64.ActiveCfg = Release|Any CPU
		{B75B6E75-5577-4C51-95D1-7160C2D546D9}.Release|x64.Build.0 = Release|Any CPU
		{B75B6E75-5577-4C51-95D1-7160C2D546D9}.Release|x86.ActiveCfg = Release|Any CPU
		{B75B6E75-5577-4C51-95D1-7160C2D546D9}.Release|x86.Build.0 = Release|Any CPU
		{56811A04-65DF-435F-9D34-955623ECF94B}.Debug|Any CPU.ActiveCfg = Debug|Any CPU
		{56811A04-65DF-435F-9D34-955623ECF94B}.Debug|Any CPU.Build.0 = Debug|Any CPU
		{56811A04-65DF-435F-9D34-955623ECF94B}.Debug|x64.ActiveCfg = Debug|Any CPU
		{56811A04-65DF-435F-9D34-955623ECF94B}.Debug|x64.Build.0 = Debug|Any CPU
		{56811A04-65DF-435F-9D34-955623ECF94B}.Debug|x86.ActiveCfg = Debug|Any CPU
		{56811A04-65DF-435F-9D34-955623ECF94B}.Debug|x86.Build.0 = Debug|Any CPU
		{56811A04-65DF-435F-9D34-955623ECF94B}.Release|Any CPU.ActiveCfg = Release|Any CPU
		{56811A04-65DF-435F-9D34-955623ECF94B}.Release|Any CPU.Build.0 = Release|Any CPU
		{56811A04-65DF-435F-9D34-955623ECF94B}.Release|x64.ActiveCfg = Release|Any CPU
		{56811A04-65DF-435F-9D34-955623ECF94B}.Release|x64.Build.0 = Release|Any CPU
		{56811A04-65DF-435F-9D34-955623ECF94B}.Release|x86.ActiveCfg = Release|Any CPU
		{56811A04-65DF-435F-9D34-955623ECF94B}.Release|x86.Build.0 = Release|Any CPU
	EndGlobalSection
	GlobalSection(SolutionProperties) = preSolution
		HideSolutionNode = FALSE
	EndGlobalSection
	GlobalSection(NestedProjects) = preSolution
		{1DD0DA5D-63CD-4FC3-972E-CD376139810A} = {CE99781E-E88C-404C-B9AD-D7F713265F31}
		{F3DB8E66-BEA2-494F-B908-57C83BDF1501} = {A5E2EC13-2E8B-4EB3-8C0F-D252A04B42F4}
		{39CF3703-98C2-4EE5-872B-AEFE85EEAC9A} = {CE99781E-E88C-404C-B9AD-D7F713265F31}
		{95A1F8B4-98B2-42F2-8CF1-0067F3D6B125} = {CE99781E-E88C-404C-B9AD-D7F713265F31}
		{6A9E74CC-3E65-4422-8E3E-862C3A999B72} = {CE99781E-E88C-404C-B9AD-D7F713265F31}
		{A4CBB313-9DCC-441E-BB44-1473CDF7A986} = {CE99781E-E88C-404C-B9AD-D7F713265F31}
		{3F0C0AD0-CFD8-4722-BF3B-6259D0878680} = {CE99781E-E88C-404C-B9AD-D7F713265F31}
		{3C8FF880-DED3-4D78-A6CD-47FADCDE2A22} = {A5E2EC13-2E8B-4EB3-8C0F-D252A04B42F4}
		{9916233A-864C-4EB6-B623-46183E165705} = {CE99781E-E88C-404C-B9AD-D7F713265F31}
		{813CCAC0-9FBD-4A1A-B063-A4F1F9B42688} = {CE99781E-E88C-404C-B9AD-D7F713265F31}
		{B75B6E75-5577-4C51-95D1-7160C2D546D9} = {CE99781E-E88C-404C-B9AD-D7F713265F31}
		{56811A04-65DF-435F-9D34-955623ECF94B} = {CE99781E-E88C-404C-B9AD-D7F713265F31}
		{1C394058-3704-40CC-A4AB-4A2C67CE916E} = {EDBA0CA7-F72E-419E-A041-D86746660F2C}
		{BA3CCCF1-E413-48F3-A74B-0C0E5839DEBD} = {1C394058-3704-40CC-A4AB-4A2C67CE916E}
		{8A13D2C5-1487-44E4-8E1C-F4BDC8E14396} = {1C394058-3704-40CC-A4AB-4A2C67CE916E}
		{31CC6FFF-C049-4E49-BBA9-F91A32D0B57A} = {1C394058-3704-40CC-A4AB-4A2C67CE916E}
	EndGlobalSection
	GlobalSection(ExtensibilityGlobals) = postSolution
		SolutionGuid = {66EE15D8-69C4-4AFB-9EB8-6020B2D8C01A}
	EndGlobalSection
EndGlobal
